{
  "name": "your-project-name",
  "version": "1.0.0",
  "lockfileVersion": 2,
  "requires": true,
  "packages": {
    "": {
      "name": "your-project-name",
      "version": "1.0.0",
      "license": "ISC",
      "dependencies": {
        "express": "^4.17.1",
        "firebase": "^9.6.1",
        "firebase-admin": "^10.0.0",
        "express-fileupload": "^1.2.1"
      }
    },
    "node_modules/express": {
      "version": "4.17.1",
      "resolved": "https://registry.npmjs.org/express/-/express-4.17.1.tgz",
      "integrity": "sha512-m8lfMcaV4BkpKHzRGSnC+e1CNCtnDa4QkXv3QYV5xzMnfh4lI+eIcHgltEG+SOQ+pKLVVS5unf1DAajEEGBfsA==",
      "dependencies": {
        "accepts": "~1.3.7",
        "array-flatten": "1.1.1",
        "body-parser": "1.19.0",
        "content-disposition": "0.5.3",
        "cookie": "0.4.0",
        "debug": "2.6.9",
        "depd": "~1.1.2",
        "encodeurl": "~1.0.2",
        "escape-html": "~1.0.3",
        "etag": "~1.8.1",
        "finalhandler": "~1.1.2",
        "fresh": "0.5.2",
        "merge-descriptors": "1.0.1",
        "methods": "~1.1.2",
        "on-finished": "~2.3.0",
        "parseurl": "~1.3.3",
        "path-to-regexp": "0.1.7",
        "proxy-addr": "~2.0.5",
        "qs": "6.7.0",
        "range-parser": "~1.2.1",
        "safe-buffer": "5.1.2",
        "send": "0.17.1",
        "serve-static": "1.14.1",
        "setprototypeof": "1.1.1",
        "statuses": "~1.5.0",
        "type-is": "~1.6.18",
        "utils-merge": "1.0.1",
        "vary": "~1.1.2"
      }
    },
    "node_modules/firebase": {
      "version": "9.6.1",
      "resolved": "https://registry.npmjs.org/firebase/-/firebase-9.6.1.tgz",
      "integrity": "sha512-GklVCmR9Md3x8ExbkQW9zqs1XAfCVCyRtOdk8i5bi2MEUIeA7dHhEbtaQJCI2/QbB1xCo0GowPzYJalDAFmiqg==",
      "dependencies": {
        "@firebase/app": "0.6.18",
        "@firebase/auth": "0.20.6",
        "@firebase/firestore": "3.4.9",
        "@firebase/storage": "0.10.8"
      }
    },
    "node_modules/express-fileupload": {
      "version": "1.2.1",
      "resolved": "https://registry.npmjs.org/express-fileupload/-/express-fileupload-1.2.1.tgz",
      "integrity": "sha512-qOiOrzxAGPmtwET5DfjP9N9JhoQl0imLqjsHpgwlzzRa+7Gi3d98GA9/MtA8mGqRRK8NHu8fgr8OH8/tjxeRqg=="
    }
  }
}
